// !$*UTF8*$!
{
	archiveVersion = 1;
	classes = {
	};
	objectVersion = 55;
	objects = {

/* Begin PBXBuildFile section */
		381E0DDB275599A700953CC6 /* README.md in Resources */ = {isa = PBXBuildFile; fileRef = 381E0DDA275599A700953CC6 /* README.md */; };
		38D9CB932752B336003E6C24 /* AppDelegate.swift in Sources */ = {isa = PBXBuildFile; fileRef = 38D9CB922752B336003E6C24 /* AppDelegate.swift */; };
		38D9CB952752B336003E6C24 /* ViewController.swift in Sources */ = {isa = PBXBuildFile; fileRef = 38D9CB942752B336003E6C24 /* ViewController.swift */; };
		38D9CB982752B336003E6C24 /* StudyManager.xcdatamodeld in Sources */ = {isa = PBXBuildFile; fileRef = 38D9CB962752B336003E6C24 /* StudyManager.xcdatamodeld */; };
		38D9CB9A2752B338003E6C24 /* Assets.xcassets in Resources */ = {isa = PBXBuildFile; fileRef = 38D9CB992752B338003E6C24 /* Assets.xcassets */; };
		38D9CB9D2752B338003E6C24 /* Main.storyboard in Resources */ = {isa = PBXBuildFile; fileRef = 38D9CB9B2752B338003E6C24 /* Main.storyboard */; };
/* End PBXBuildFile section */

/* Begin PBXFileReference section */
		381E0DDA275599A700953CC6 /* README.md */ = {isa = PBXFileReference; lastKnownFileType = net.daringfireball.markdown; path = README.md; sourceTree = "<group>"; };
		381E0DDC27559D1800953CC6 /* study-manager.png */ = {isa = PBXFileReference; lastKnownFileType = image.png; path = "study-manager.png"; sourceTree = "<group>"; };
		38D9CB8F2752B336003E6C24 /* StudyManager.app */ = {isa = PBXFileReference; explicitFileType = wrapper.application; includeInIndex = 0; path = StudyManager.app; sourceTree = BUILT_PRODUCTS_DIR; };
		38D9CB922752B336003E6C24 /* AppDelegate.swift */ = {isa = PBXFileReference; lastKnownFileType = sourcecode.swift; path = AppDelegate.swift; sourceTree = "<group>"; };
		38D9CB942752B336003E6C24 /* ViewController.swift */ = {isa = PBXFileReference; lastKnownFileType = sourcecode.swift; path = ViewController.swift; sourceTree = "<group>"; };
		38D9CB972752B336003E6C24 /* StudyManager.xcdatamodel */ = {isa = PBXFileReference; lastKnownFileType = wrapper.xcdatamodel; path = StudyManager.xcdatamodel; sourceTree = "<group>"; };
		38D9CB992752B338003E6C24 /* Assets.xcassets */ = {isa = PBXFileReference; lastKnownFileType = folder.assetcatalog; path = Assets.xcassets; sourceTree = "<group>"; };
		38D9CB9C2752B338003E6C24 /* Base */ = {isa = PBXFileReference; lastKnownFileType = file.storyboard; name = Base; path = Base.lproj/Main.storyboard; sourceTree = "<group>"; };
		38D9CB9E2752B338003E6C24 /* StudyManager.entitlements */ = {isa = PBXFileReference; lastKnownFileType = text.plist.entitlements; path = StudyManager.entitlements; sourceTree = "<group>"; };
/* End PBXFileReference section */

/* Begin PBXFrameworksBuildPhase section */
		38D9CB8C2752B336003E6C24 /* Frameworks */ = {
			isa = PBXFrameworksBuildPhase;
			buildActionMask = 2147483647;
			files = (
			);
			runOnlyForDeploymentPostprocessing = 0;
		};
/* End PBXFrameworksBuildPhase section */

/* Begin PBXGroup section */
		38D9CB862752B336003E6C24 = {
			isa = PBXGroup;
			children = (
				381E0DDC27559D1800953CC6 /* study-manager.png */,
				381E0DDA275599A700953CC6 /* README.md */,
				38D9CB912752B336003E6C24 /* StudyManager */,
				38D9CB902752B336003E6C24 /* Products */,
			);
			sourceTree = "<group>";
		};
		38D9CB902752B336003E6C24 /* Products */ = {
			isa = PBXGroup;
			children = (
				38D9CB8F2752B336003E6C24 /* StudyManager.app */,
			);
			name = Products;
			sourceTree = "<group>";
		};
		38D9CB912752B336003E6C24 /* StudyManager */ = {
			isa = PBXGroup;
			children = (
				38D9CB922752B336003E6C24 /* AppDelegate.swift */,
				38D9CB942752B336003E6C24 /* ViewController.swift */,
				38D9CB992752B338003E6C24 /* Assets.xcassets */,
				38D9CB9B2752B338003E6C24 /* Main.storyboard */,
				38D9CB9E2752B338003E6C24 /* StudyManager.entitlements */,
				38D9CB962752B336003E6C24 /* StudyManager.xcdatamodeld */,
			);
			path = StudyManager;
			sourceTree = "<group>";
		};
/* End PBXGroup section */

/* Begin PBXNativeTarget section */
		38D9CB8E2752B336003E6C24 /* StudyManager */ = {
			isa = PBXNativeTarget;
			buildConfigurationList = 38D9CBA12752B338003E6C24 /* Build configuration list for PBXNativeTarget "StudyManager" */;
			buildPhases = (
				38D9CB8B2752B336003E6C24 /* Sources */,
				38D9CB8C2752B336003E6C24 /* Frameworks */,
				38D9CB8D2752B336003E6C24 /* Resources */,
			);
			buildRules = (
			);
			dependencies = (
			);
			name = StudyManager;
			productName = StudyManager;
			productReference = 38D9CB8F2752B336003E6C24 /* StudyManager.app */;
			productType = "com.apple.product-type.application";
		};
/* End PBXNativeTarget section */

/* Begin PBXProject section */
		38D9CB872752B336003E6C24 /* Project object */ = {
			isa = PBXProject;
			attributes = {
				BuildIndependentTargetsInParallel = 1;
				LastSwiftUpdateCheck = 1310;
				LastUpgradeCheck = 1310;
				TargetAttributes = {
					38D9CB8E2752B336003E6C24 = {
						CreatedOnToolsVersion = 13.1;
					};
				};
			};
			buildConfigurationList = 38D9CB8A2752B336003E6C24 /* Build configuration list for PBXProject "StudyManager" */;
			compatibilityVersion = "Xcode 13.0";
			developmentRegion = en;
			hasScannedForEncodings = 0;
			knownRegions = (
				en,
				Base,
			);
			mainGroup = 38D9CB862752B336003E6C24;
			productRefGroup = 38D9CB902752B336003E6C24 /* Products */;
			projectDirPath = "";
			projectRoot = "";
			targets = (
				38D9CB8E2752B336003E6C24 /* StudyManager */,
			);
		};
/* End PBXProject section */

/* Begin PBXResourcesBuildPhase section */
		38D9CB8D2752B336003E6C24 /* Resources */ = {
			isa = PBXResourcesBuildPhase;
			buildActionMask = 2147483647;
			files = (
				381E0DDB275599A700953CC6 /* README.md in Resources */,
				38D9CB9A2752B338003E6C24 /* Assets.xcassets in Resources */,
				38D9CB9D2752B338003E6C24 /* Main.storyboard in Resources */,
			);
			runOnlyForDeploymentPostprocessing = 0;
		};
/* End PBXResourcesBuildPhase section */

/* Begin PBXSourcesBuildPhase section */
		38D9CB8B2752B336003E6C24 /* Sources */ = {
			isa = PBXSourcesBuildPhase;
			buildActionMask = 2147483647;
			files = (
				38D9CB952752B336003E6C24 /* ViewController.swift in Sources */,
				38D9CB982752B336003E6C24 /* StudyManager.xcdatamodeld in Sources */,
				38D9CB932752B336003E6C24 /* AppDelegate.swift in Sources */,
			);
			runOnlyForDeploymentPostprocessing = 0;
		};
/* End PBXSourcesBuildPhase section */

/* Begin PBXVariantGroup section */
		38D9CB9B2752B338003E6C24 /* Main.storyboard */ = {
			isa = PBXVariantGroup;
			children = (
				38D9CB9C2752B338003E6C24 /* Base */,
			);
			name = Main.storyboard;
			sourceTree = "<group>";
		};
/* End PBXVariantGroup section */

/* Begin XCBuildConfiguration section */
		38D9CB9F2752B338003E6C24 /* Debug */ = {
			isa = XCBuildConfiguration;
			buildSettings = {
				ALWAYS_SEARCH_USER_PATHS = NO;
				CLANG_ANALYZER_NONNULL = YES;
				CLANG_ANALYZER_NUMBER_OBJECT_CONVERSION = YES_AGGRESSIVE;
				CLANG_CXX_LANGUAGE_STANDARD = "gnu++17";
				CLANG_CXX_LIBRARY = "libc++";
				CLANG_ENABLE_MODULES = YES;
				CLANG_ENABLE_OBJC_ARC = YES;
				CLANG_ENABLE_OBJC_WEAK = YES;
				CLANG_WARN_BLOCK_CAPTURE_AUTORELEASING = YES;
				CLANG_WARN_BOOL_CONVERSION = YES;
				CLANG_WARN_COMMA = YES;
				CLANG_WARN_CONSTANT_CONVERSION = YES;
				CLANG_WARN_DEPRECATED_OBJC_IMPLEMENTATIONS = YES;
				CLANG_WARN_DIRECT_OBJC_ISA_USAGE = YES_ERROR;
				CLANG_WARN_DOCUMENTATION_COMMENTS = YES;
				CLANG_WARN_EMPTY_BODY = YES;
				CLANG_WARN_ENUM_CONVERSION = YES;
				CLANG_WARN_INFINITE_RECURSION = YES;
				CLANG_WARN_INT_CONVERSION = YES;
				CLANG_WARN_NON_LITERAL_NULL_CONVERSION = YES;
				CLANG_WARN_OBJC_IMPLICIT_RETAIN_SELF = YES;
				CLANG_WARN_OBJC_LITERAL_CONVERSION = YES;
				CLANG_WARN_OBJC_ROOT_CLASS = YES_ERROR;
				CLANG_WARN_QUOTED_INCLUDE_IN_FRAMEWORK_HEADER = YES;
				CLANG_WARN_RANGE_LOOP_ANALYSIS = YES;
				CLANG_WARN_STRICT_PROTOTYPES = YES;
				CLANG_WARN_SUSPICIOUS_MOVE = YES;
				CLANG_WARN_UNGUARDED_AVAILABILITY = YES_AGGRESSIVE;
				CLANG_WARN_UNREACHABLE_CODE = YES;
				CLANG_WARN__DUPLICATE_METHOD_MATCH = YES;
				COPY_PHASE_STRIP = NO;
				DEBUG_INFORMATION_FORMAT = dwarf;
				ENABLE_STRICT_OBJC_MSGSEND = YES;
				ENABLE_TESTABILITY = YES;
				GCC_C_LANGUAGE_STANDARD = gnu11;
				GCC_DYNAMIC_NO_PIC = NO;
				GCC_NO_COMMON_BLOCKS = YES;
				GCC_OPTIMIZATION_LEVEL = 0;
				GCC_PREPROCESSOR_DEFINITIONS = (
					"DEBUG=1",
					"$(inherited)",
				);
				GCC_WARN_64_TO_32_BIT_CONVERSION = YES;
				GCC_WARN_ABOUT_RETURN_TYPE = YES_ERROR;
				GCC_WARN_UNDECLARED_SELECTOR = YES;
				GCC_WARN_UNINITIALIZED_AUTOS = YES_AGGRESSIVE;
				GCC_WARN_UNUSED_FUNCTION = YES;
				GCC_WARN_UNUSED_VARIABLE = YES;
				MACOSX_DEPLOYMENT_TARGET = 11.6;
				MTL_ENABLE_DEBUG_INFO = INCLUDE_SOURCE;
				MTL_FAST_MATH = YES;
				ONLY_ACTIVE_ARCH = YES;
				SDKROOT = macosx;
				SWIFT_ACTIVE_COMPILATION_CONDITIONS = DEBUG;
				SWIFT_OPTIMIZATION_LEVEL = "-Onone";
			};
			name = Debug;
		};
		38D9CBA02752B338003E6C24 /* Release */ = {
			isa = XCBuildConfiguration;
			buildSettings = {
				ALWAYS_SEARCH_USER_PATHS = NO;
				CLANG_ANALYZER_NONNULL = YES;
				CLANG_ANALYZER_NUMBER_OBJECT_CONVERSION = YES_AGGRESSIVE;
				CLANG_CXX_LANGUAGE_STANDARD = "gnu++17";
				CLANG_CXX_LIBRARY = "libc++";
				CLANG_ENABLE_MODULES = YES;
				CLANG_ENABLE_OBJC_ARC = YES;
				CLANG_ENABLE_OBJC_WEAK = YES;
				CLANG_WARN_BLOCK_CAPTURE_AUTORELEASING = YES;
				CLANG_WARN_BOOL_CONVERSION = YES;
				CLANG_WARN_COMMA = YES;
				CLANG_WARN_CONSTANT_CONVERSION = YES;
				CLANG_WARN_DEPRECATED_OBJC_IMPLEMENTATIONS = YES;
				CLANG_WARN_DIRECT_OBJC_ISA_USAGE = YES_ERROR;
				CLANG_WARN_DOCUMENTATION_COMMENTS = YES;
				CLANG_WARN_EMPTY_BODY = YES;
				CLANG_WARN_ENUM_CONVERSION = YES;
				CLANG_WARN_INFINITE_RECURSION = YES;
				CLANG_WARN_INT_CONVERSION = YES;
				CLANG_WARN_NON_LITERAL_NULL_CONVERSION = YES;
				CLANG_WARN_OBJC_IMPLICIT_RETAIN_SELF = YES;
				CLANG_WARN_OBJC_LITERAL_CONVERSION = YES;
				CLANG_WARN_OBJC_ROOT_CLASS = YES_ERROR;
				CLANG_WARN_QUOTED_INCLUDE_IN_FRAMEWORK_HEADER = YES;
				CLANG_WARN_RANGE_LOOP_ANALYSIS = YES;
				CLANG_WARN_STRICT_PROTOTYPES = YES;
				CLANG_WARN_SUSPICIOUS_MOVE = YES;
				CLANG_WARN_UNGUARDED_AVAILABILITY = YES_AGGRESSIVE;
				CLANG_WARN_UNREACHABLE_CODE = YES;
				CLANG_WARN__DUPLICATE_METHOD_MATCH = YES;
				COPY_PHASE_STRIP = NO;
				DEBUG_INFORMATION_FORMAT = "dwarf-with-dsym";
				ENABLE_NS_ASSERTIONS = NO;
				ENABLE_STRICT_OBJC_MSGSEND = YES;
				GCC_C_LANGUAGE_STANDARD = gnu11;
				GCC_NO_COMMON_BLOCKS = YES;
				GCC_WARN_64_TO_32_BIT_CONVERSION = YES;
				GCC_WARN_ABOUT_RETURN_TYPE = YES_ERROR;
				GCC_WARN_UNDECLARED_SELECTOR = YES;
				GCC_WARN_UNINITIALIZED_AUTOS = YES_AGGRESSIVE;
				GCC_WARN_UNUSED_FUNCTION = YES;
				GCC_WARN_UNUSED_VARIABLE = YES;
				MACOSX_DEPLOYMENT_TARGET = 11.6;
				MTL_ENABLE_DEBUG_INFO = NO;
				MTL_FAST_MATH = YES;
				SDKROOT = macosx;
				SWIFT_COMPILATION_MODE = wholemodule;
				SWIFT_OPTIMIZATION_LEVEL = "-O";
			};
			name = Release;
		};
		38D9CBA22752B338003E6C24 /* Debug */ = {
			isa = XCBuildConfiguration;
			buildSettings = {
				ASSETCATALOG_COMPILER_APPICON_NAME = AppIcon;
				ASSETCATALOG_COMPILER_GLOBAL_ACCENT_COLOR_NAME = AccentColor;
				CODE_SIGN_ENTITLEMENTS = StudyManager/StudyManager.entitlements;
				CODE_SIGN_STYLE = Automatic;
				COMBINE_HIDPI_IMAGES = YES;
				CURRENT_PROJECT_VERSION = 1;
				DEVELOPMENT_TEAM = ASCSLPN9VZ;
				ENABLE_HARDENED_RUNTIME = YES;
				GENERATE_INFOPLIST_FILE = YES;
				INFOPLIST_KEY_NSHumanReadableCopyright = "";
				INFOPLIST_KEY_NSMainStoryboardFile = Main;
				INFOPLIST_KEY_NSPrincipalClass = NSApplication;
				LD_RUNPATH_SEARCH_PATHS = (
					"$(inherited)",
					"@executable_path/../Frameworks",
				);
				MARKETING_VERSION = 1.0;
				PRODUCT_BUNDLE_IDENTIFIER = "JRG-DEVELOPER-LTD.StudyManager";
				PRODUCT_NAME = "$(TARGET_NAME)";
				SWIFT_EMIT_LOC_STRINGS = YES;
				SWIFT_VERSION = 5.0;
			};
			name = Debug;
		};
		38D9CBA32752B338003E6C24 /* Release */ = {
			isa = XCBuildConfiguration;
			buildSettings = {
				ASSETCATALOG_COMPILER_APPICON_NAME = AppIcon;
				ASSETCATALOG_COMPILER_GLOBAL_ACCENT_COLOR_NAME = AccentColor;
				CODE_SIGN_ENTITLEMENTS = StudyManager/StudyManager.entitlements;
				CODE_SIGN_STYLE = Automatic;
				COMBINE_HIDPI_IMAGES = YES;
				CURRENT_PROJECT_VERSION = 1;
				DEVELOPMENT_TEAM = ASCSLPN9VZ;
				ENABLE_HARDENED_RUNTIME = YES;
				GENERATE_INFOPLIST_FILE = YES;
				INFOPLIST_KEY_NSHumanReadableCopyright = "";
				INFOPLIST_KEY_NSMainStoryboardFile = Main;
				INFOPLIST_KEY_NSPrincipalClass = NSApplication;
				LD_RUNPATH_SEARCH_PATHS = (
					"$(inherited)",
					"@executable_path/../Frameworks",
				);
				MARKETING_VERSION = 1.0;
				PRODUCT_BUNDLE_IDENTIFIER = "JRG-DEVELOPER-LTD.StudyManager";
				PRODUCT_NAME = "$(TARGET_NAME)";
				SWIFT_EMIT_LOC_STRINGS = YES;
				SWIFT_VERSION = 5.0;
			};
			name = Release;
		};
/* End XCBuildConfiguration section */

/* Begin XCConfigurationList section */
		38D9CB8A2752B336003E6C24 /* Build configuration list for PBXProject "StudyManager" */ = {
			isa = XCConfigurationList;
			buildConfigurations = (
				38D9CB9F2752B338003E6C24 /* Debug */,
				38D9CBA02752B338003E6C24 /* Release */,
			);
			defaultConfigurationIsVisible = 0;
			defaultConfigurationName = Release;
		};
		38D9CBA12752B338003E6C24 /* Build configuration list for PBXNativeTarget "StudyManager" */ = {
			isa = XCConfigurationList;
			buildConfigurations = (
				38D9CBA22752B338003E6C24 /* Debug */,
				38D9CBA32752B338003E6C24 /* Release */,
			);
			defaultConfigurationIsVisible = 0;
			defaultConfigurationName = Release;
		};
/* End XCConfigurationList section */

/* Begin XCVersionGroup section */
		38D9CB962752B336003E6C24 /* StudyManager.xcdatamodeld */ = {
			isa = XCVersionGroup;
			children = (
				38D9CB972752B336003E6C24 /* StudyManager.xcdatamodel */,
			);
			currentVersion = 38D9CB972752B336003E6C24 /* StudyManager.xcdatamodel */;
			path = StudyManager.xcdatamodeld;
			sourceTree = "<group>";
			versionGroupType = wrapper.xcdatamodel;
		};
/* End XCVersionGroup section */
	};
	rootObject = 38D9CB872752B336003E6C24 /* Project object */;
}
